
Microsoft Visual Studio Solution File, Format Version 12.00
# Visual Studio 15
VisualStudioVersion = 15.0.28307.329
MinimumVisualStudioVersion = 10.0.40219.1
Project("{FAE04EC0-301F-11D3-BF4B-00C04F79EFBC}") = "SingletonEjemplo", "SingletonEjemplo\SingletonEjemplo.csproj", "{92716B37-C5CD-4FCA-A387-B311F3393451}"
EndProject
Global
	GlobalSection(SolutionConfigurationPlatforms) = preSolution
		Debug|Any CPU = Debug|Any CPU
		Release|Any CPU = Release|Any CPU
	EndGlobalSection
	GlobalSection(ProjectConfigurationPlatforms) = postSolution
		{92716B37-C5CD-4FCA-A387-B311F3393451}.Debug|Any CPU.ActiveCfg = Debug|Any CPU
		{92716B37-C5CD-4FCA-A387-B311F3393451}.Debug|Any CPU.Build.0 = Debug|Any CPU
		{92716B37-C5CD-4FCA-A387-B311F3393451}.Release|Any CPU.ActiveCfg = Release|Any CPU
		{92716B37-C5CD-4FCA-A387-B311F3393451}.Release|Any CPU.Build.0 = Release|Any CPU
	EndGlobalSection
	GlobalSection(SolutionProperties) = preSolution
		HideSolutionNode = FALSE
	EndGlobalSection
	GlobalSection(ExtensibilityGlobals) = postSolution
		SolutionGuid = {8E8AB488-4E9C-4771-9F6A-A52FB0169C09}
	EndGlobalSection
EndGlobal
